// !$*UTF8*$!
{
	archiveVersion = 1;
	classes = {
	};
	objectVersion = 48;
	objects = {

/* Begin PBXBuildFile section */
		2000344E20517CCB00794642 /* AppDelegate.swift in Sources */ = {isa = PBXBuildFile; fileRef = 2000344D20517CCB00794642 /* AppDelegate.swift */; };
		2000345320517CCB00794642 /* Main.storyboard in Resources */ = {isa = PBXBuildFile; fileRef = 2000345120517CCB00794642 /* Main.storyboard */; };
		2000345520517CCB00794642 /* Assets.xcassets in Resources */ = {isa = PBXBuildFile; fileRef = 2000345420517CCB00794642 /* Assets.xcassets */; };
		2000345820517CCB00794642 /* LaunchScreen.storyboard in Resources */ = {isa = PBXBuildFile; fileRef = 2000345620517CCB00794642 /* LaunchScreen.storyboard */; };
		200034792051891F00794642 /* Adobe.swift in Sources */ = {isa = PBXBuildFile; fileRef = 200034712051891F00794642 /* Adobe.swift */; };
		2000347A2051891F00794642 /* Image.swift in Sources */ = {isa = PBXBuildFile; fileRef = 200034722051891F00794642 /* Image.swift */; };
		2000347B2051891F00794642 /* Actions.swift in Sources */ = {isa = PBXBuildFile; fileRef = 200034732051891F00794642 /* Actions.swift */; };
		2000347C2051891F00794642 /* Price.swift in Sources */ = {isa = PBXBuildFile; fileRef = 200034742051891F00794642 /* Price.swift */; };
		2000347D2051891F00794642 /* Tracking.swift in Sources */ = {isa = PBXBuildFile; fileRef = 200034752051891F00794642 /* Tracking.swift */; };
		2000347E2051891F00794642 /* Ec.swift in Sources */ = {isa = PBXBuildFile; fileRef = 200034762051891F00794642 /* Ec.swift */; };
		2000347F2051891F00794642 /* Items.swift in Sources */ = {isa = PBXBuildFile; fileRef = 200034772051891F00794642 /* Items.swift */; };
		200034802051891F00794642 /* Json4Swift_Base.swift in Sources */ = {isa = PBXBuildFile; fileRef = 200034782051891F00794642 /* Json4Swift_Base.swift */; };
		2000348320518E8A00794642 /* ItemCell.swift in Sources */ = {isa = PBXBuildFile; fileRef = 2000348220518E8A00794642 /* ItemCell.swift */; };
		2000348520518EDB00794642 /* AdSource.swift in Sources */ = {isa = PBXBuildFile; fileRef = 2000348420518EDB00794642 /* AdSource.swift */; };
		2000348720518F5900794642 /* MoreCell.swift in Sources */ = {isa = PBXBuildFile; fileRef = 2000348620518F5900794642 /* MoreCell.swift */; };
		200034892051900400794642 /* AdTableViewController.swift in Sources */ = {isa = PBXBuildFile; fileRef = 200034882051900400794642 /* AdTableViewController.swift */; };
		2000348B2051A8BF00794642 /* AdDownload.swift in Sources */ = {isa = PBXBuildFile; fileRef = 2000348A2051A8BF00794642 /* AdDownload.swift */; };
		2000348D2051B98100794642 /* UIImageViewExtension.swift in Sources */ = {isa = PBXBuildFile; fileRef = 2000348C2051B98100794642 /* UIImageViewExtension.swift */; };
		2076106A2051EEE6007F84C1 /* codingChallenge.xcdatamodeld in Sources */ = {isa = PBXBuildFile; fileRef = 207610682051EEE6007F84C1 /* codingChallenge.xcdatamodeld */; };
		2076106C2051F3E5007F84C1 /* FavouriteItems.swift in Sources */ = {isa = PBXBuildFile; fileRef = 2076106B2051F3E5007F84C1 /* FavouriteItems.swift */; };
/* End PBXBuildFile section */

/* Begin PBXFileReference section */
		2000344A20517CCB00794642 /* MobileTechinalChallenge.app */ = {isa = PBXFileReference; explicitFileType = wrapper.application; includeInIndex = 0; path = MobileTechinalChallenge.app; sourceTree = BUILT_PRODUCTS_DIR; };
		2000344D20517CCB00794642 /* AppDelegate.swift */ = {isa = PBXFileReference; lastKnownFileType = sourcecode.swift; path = AppDelegate.swift; sourceTree = "<group>"; };
		2000345220517CCB00794642 /* Base */ = {isa = PBXFileReference; lastKnownFileType = file.storyboard; name = Base; path = Base.lproj/Main.storyboard; sourceTree = "<group>"; };
		2000345420517CCB00794642 /* Assets.xcassets */ = {isa = PBXFileReference; lastKnownFileType = folder.assetcatalog; path = Assets.xcassets; sourceTree = "<group>"; };
		2000345720517CCB00794642 /* Base */ = {isa = PBXFileReference; lastKnownFileType = file.storyboard; name = Base; path = Base.lproj/LaunchScreen.storyboard; sourceTree = "<group>"; };
		2000345920517CCB00794642 /* Info.plist */ = {isa = PBXFileReference; lastKnownFileType = text.plist.xml; path = Info.plist; sourceTree = "<group>"; };
		200034712051891F00794642 /* Adobe.swift */ = {isa = PBXFileReference; fileEncoding = 4; lastKnownFileType = sourcecode.swift; path = Adobe.swift; sourceTree = "<group>"; };
		200034722051891F00794642 /* Image.swift */ = {isa = PBXFileReference; fileEncoding = 4; lastKnownFileType = sourcecode.swift; path = Image.swift; sourceTree = "<group>"; };
		200034732051891F00794642 /* Actions.swift */ = {isa = PBXFileReference; fileEncoding = 4; lastKnownFileType = sourcecode.swift; path = Actions.swift; sourceTree = "<group>"; };
		200034742051891F00794642 /* Price.swift */ = {isa = PBXFileReference; fileEncoding = 4; lastKnownFileType = sourcecode.swift; path = Price.swift; sourceTree = "<group>"; };
		200034752051891F00794642 /* Tracking.swift */ = {isa = PBXFileReference; fileEncoding = 4; lastKnownFileType = sourcecode.swift; path = Tracking.swift; sourceTree = "<group>"; };
		200034762051891F00794642 /* Ec.swift */ = {isa = PBXFileReference; fileEncoding = 4; lastKnownFileType = sourcecode.swift; path = Ec.swift; sourceTree = "<group>"; };
		200034772051891F00794642 /* Items.swift */ = {isa = PBXFileReference; fileEncoding = 4; lastKnownFileType = sourcecode.swift; path = Items.swift; sourceTree = "<group>"; };
		200034782051891F00794642 /* Json4Swift_Base.swift */ = {isa = PBXFileReference; fileEncoding = 4; lastKnownFileType = sourcecode.swift; path = Json4Swift_Base.swift; sourceTree = "<group>"; };
		2000348220518E8A00794642 /* ItemCell.swift */ = {isa = PBXFileReference; lastKnownFileType = sourcecode.swift; path = ItemCell.swift; sourceTree = "<group>"; };
		2000348420518EDB00794642 /* AdSource.swift */ = {isa = PBXFileReference; lastKnownFileType = sourcecode.swift; path = AdSource.swift; sourceTree = "<group>"; };
		2000348620518F5900794642 /* MoreCell.swift */ = {isa = PBXFileReference; lastKnownFileType = sourcecode.swift; path = MoreCell.swift; sourceTree = "<group>"; };
		200034882051900400794642 /* AdTableViewController.swift */ = {isa = PBXFileReference; lastKnownFileType = sourcecode.swift; path = AdTableViewController.swift; sourceTree = "<group>"; };
		2000348A2051A8BF00794642 /* AdDownload.swift */ = {isa = PBXFileReference; lastKnownFileType = sourcecode.swift; path = AdDownload.swift; sourceTree = "<group>"; };
		2000348C2051B98100794642 /* UIImageViewExtension.swift */ = {isa = PBXFileReference; lastKnownFileType = sourcecode.swift; path = UIImageViewExtension.swift; sourceTree = "<group>"; };
		207610692051EEE6007F84C1 /* codingChallenge2.xcdatamodel */ = {isa = PBXFileReference; lastKnownFileType = wrapper.xcdatamodel; path = codingChallenge2.xcdatamodel; sourceTree = "<group>"; };
		2076106B2051F3E5007F84C1 /* FavouriteItems.swift */ = {isa = PBXFileReference; lastKnownFileType = sourcecode.swift; path = FavouriteItems.swift; sourceTree = "<group>"; };
/* End PBXFileReference section */

/* Begin PBXFrameworksBuildPhase section */
		2000344720517CCB00794642 /* Frameworks */ = {
			isa = PBXFrameworksBuildPhase;
			buildActionMask = 2147483647;
			files = (
			);
			runOnlyForDeploymentPostprocessing = 0;
		};
/* End PBXFrameworksBuildPhase section */

/* Begin PBXGroup section */
		2000344120517CCB00794642 = {
			isa = PBXGroup;
			children = (
				2000344C20517CCB00794642 /* MobileTechinalChallenge */,
				2000344B20517CCB00794642 /* Products */,
			);
			sourceTree = "<group>";
		};
		2000344B20517CCB00794642 /* Products */ = {
			isa = PBXGroup;
			children = (
				2000344A20517CCB00794642 /* MobileTechinalChallenge.app */,
			);
			name = Products;
			sourceTree = "<group>";
		};
		2000344C20517CCB00794642 /* MobileTechinalChallenge */ = {
			isa = PBXGroup;
			children = (
				207610682051EEE6007F84C1 /* codingChallenge.xcdatamodeld */,
				2000348120518E7600794642 /* Cell */,
				200034702051891600794642 /* json */,
				2000344D20517CCB00794642 /* AppDelegate.swift */,
				2000345120517CCB00794642 /* Main.storyboard */,
				2000345420517CCB00794642 /* Assets.xcassets */,
				2000345620517CCB00794642 /* LaunchScreen.storyboard */,
				2000345920517CCB00794642 /* Info.plist */,
				2000348420518EDB00794642 /* AdSource.swift */,
				200034882051900400794642 /* AdTableViewController.swift */,
				2000348A2051A8BF00794642 /* AdDownload.swift */,
				2000348C2051B98100794642 /* UIImageViewExtension.swift */,
				2076106B2051F3E5007F84C1 /* FavouriteItems.swift */,
			);
			path = MobileTechinalChallenge;
			sourceTree = "<group>";
		};
		200034702051891600794642 /* json */ = {
			isa = PBXGroup;
			children = (
				200034732051891F00794642 /* Actions.swift */,
				200034712051891F00794642 /* Adobe.swift */,
				200034762051891F00794642 /* Ec.swift */,
				200034722051891F00794642 /* Image.swift */,
				200034772051891F00794642 /* Items.swift */,
				200034782051891F00794642 /* Json4Swift_Base.swift */,
				200034742051891F00794642 /* Price.swift */,
				200034752051891F00794642 /* Tracking.swift */,
			);
			path = json;
			sourceTree = "<group>";
		};
		2000348120518E7600794642 /* Cell */ = {
			isa = PBXGroup;
			children = (
				2000348220518E8A00794642 /* ItemCell.swift */,
				2000348620518F5900794642 /* MoreCell.swift */,
			);
			path = Cell;
			sourceTree = "<group>";
		};
/* End PBXGroup section */

/* Begin PBXNativeTarget section */
		2000344920517CCB00794642 /* MobileTechinalChallenge */ = {
			isa = PBXNativeTarget;
			buildConfigurationList = 2000345C20517CCB00794642 /* Build configuration list for PBXNativeTarget "MobileTechinalChallenge" */;
			buildPhases = (
				2000344620517CCB00794642 /* Sources */,
				2000344720517CCB00794642 /* Frameworks */,
				2000344820517CCB00794642 /* Resources */,
			);
			buildRules = (
			);
			dependencies = (
			);
			name = MobileTechinalChallenge;
			productName = MobileTechinalChallenge;
			productReference = 2000344A20517CCB00794642 /* MobileTechinalChallenge.app */;
			productType = "com.apple.product-type.application";
		};
/* End PBXNativeTarget section */

/* Begin PBXProject section */
		2000344220517CCB00794642 /* Project object */ = {
			isa = PBXProject;
			attributes = {
				LastSwiftUpdateCheck = 0920;
				LastUpgradeCheck = 0920;
				ORGANIZATIONNAME = "Emil Ramsdal";
				TargetAttributes = {
					2000344920517CCB00794642 = {
						CreatedOnToolsVersion = 9.2;
						ProvisioningStyle = Automatic;
					};
				};
			};
			buildConfigurationList = 2000344520517CCB00794642 /* Build configuration list for PBXProject "MobileTechinalChallenge" */;
			compatibilityVersion = "Xcode 8.0";
			developmentRegion = en;
			hasScannedForEncodings = 0;
			knownRegions = (
				en,
				Base,
			);
			mainGroup = 2000344120517CCB00794642;
			productRefGroup = 2000344B20517CCB00794642 /* Products */;
			projectDirPath = "";
			projectRoot = "";
			targets = (
				2000344920517CCB00794642 /* MobileTechinalChallenge */,
			);
		};
/* End PBXProject section */

/* Begin PBXResourcesBuildPhase section */
		2000344820517CCB00794642 /* Resources */ = {
			isa = PBXResourcesBuildPhase;
			buildActionMask = 2147483647;
			files = (
				2000345820517CCB00794642 /* LaunchScreen.storyboard in Resources */,
				2000345520517CCB00794642 /* Assets.xcassets in Resources */,
				2000345320517CCB00794642 /* Main.storyboard in Resources */,
			);
			runOnlyForDeploymentPostprocessing = 0;
		};
/* End PBXResourcesBuildPhase section */

/* Begin PBXSourcesBuildPhase section */
		2000344620517CCB00794642 /* Sources */ = {
			isa = PBXSourcesBuildPhase;
			buildActionMask = 2147483647;
			files = (
				200034892051900400794642 /* AdTableViewController.swift in Sources */,
				2000347F2051891F00794642 /* Items.swift in Sources */,
				2000347D2051891F00794642 /* Tracking.swift in Sources */,
				200034792051891F00794642 /* Adobe.swift in Sources */,
				2000348520518EDB00794642 /* AdSource.swift in Sources */,
				2076106A2051EEE6007F84C1 /* codingChallenge.xcdatamodeld in Sources */,
				2000348320518E8A00794642 /* ItemCell.swift in Sources */,
				2000347C2051891F00794642 /* Price.swift in Sources */,
				2000347B2051891F00794642 /* Actions.swift in Sources */,
				2000348720518F5900794642 /* MoreCell.swift in Sources */,
				2000347A2051891F00794642 /* Image.swift in Sources */,
				2000348B2051A8BF00794642 /* AdDownload.swift in Sources */,
				200034802051891F00794642 /* Json4Swift_Base.swift in Sources */,
				2000347E2051891F00794642 /* Ec.swift in Sources */,
				2000348D2051B98100794642 /* UIImageViewExtension.swift in Sources */,
				2076106C2051F3E5007F84C1 /* FavouriteItems.swift in Sources */,
				2000344E20517CCB00794642 /* AppDelegate.swift in Sources */,
			);
			runOnlyForDeploymentPostprocessing = 0;
		};
/* End PBXSourcesBuildPhase section */

/* Begin PBXVariantGroup section */
		2000345120517CCB00794642 /* Main.storyboard */ = {
			isa = PBXVariantGroup;
			children = (
				2000345220517CCB00794642 /* Base */,
			);
			name = Main.storyboard;
			sourceTree = "<group>";
		};
		2000345620517CCB00794642 /* LaunchScreen.storyboard */ = {
			isa = PBXVariantGroup;
			children = (
				2000345720517CCB00794642 /* Base */,
			);
			name = LaunchScreen.storyboard;
			sourceTree = "<group>";
		};
/* End PBXVariantGroup section */

/* Begin XCBuildConfiguration section */
		2000345A20517CCB00794642 /* Debug */ = {
			isa = XCBuildConfiguration;
			buildSettings = {
				ALWAYS_SEARCH_USER_PATHS = NO;
				CLANG_ANALYZER_NONNULL = YES;
				CLANG_ANALYZER_NUMBER_OBJECT_CONVERSION = YES_AGGRESSIVE;
				CLANG_CXX_LANGUAGE_STANDARD = "gnu++14";
				CLANG_CXX_LIBRARY = "libc++";
				CLANG_ENABLE_MODULES = YES;
				CLANG_ENABLE_OBJC_ARC = YES;
				CLANG_WARN_BLOCK_CAPTURE_AUTORELEASING = YES;
				CLANG_WARN_BOOL_CONVERSION = YES;
				CLANG_WARN_COMMA = YES;
				CLANG_WARN_CONSTANT_CONVERSION = YES;
				CLANG_WARN_DIRECT_OBJC_ISA_USAGE = YES_ERROR;
				CLANG_WARN_DOCUMENTATION_COMMENTS = YES;
				CLANG_WARN_EMPTY_BODY = YES;
				CLANG_WARN_ENUM_CONVERSION = YES;
				CLANG_WARN_INFINITE_RECURSION = YES;
				CLANG_WARN_INT_CONVERSION = YES;
				CLANG_WARN_NON_LITERAL_NULL_CONVERSION = YES;
				CLANG_WARN_OBJC_LITERAL_CONVERSION = YES;
				CLANG_WARN_OBJC_ROOT_CLASS = YES_ERROR;
				CLANG_WARN_RANGE_LOOP_ANALYSIS = YES;
				CLANG_WARN_STRICT_PROTOTYPES = YES;
				CLANG_WARN_SUSPICIOUS_MOVE = YES;
				CLANG_WARN_UNGUARDED_AVAILABILITY = YES_AGGRESSIVE;
				CLANG_WARN_UNREACHABLE_CODE = YES;
				CLANG_WARN__DUPLICATE_METHOD_MATCH = YES;
				CODE_SIGN_IDENTITY = "iPhone Developer";
				COPY_PHASE_STRIP = NO;
				DEBUG_INFORMATION_FORMAT = dwarf;
				ENABLE_STRICT_OBJC_MSGSEND = YES;
				ENABLE_TESTABILITY = YES;
				GCC_C_LANGUAGE_STANDARD = gnu11;
				GCC_DYNAMIC_NO_PIC = NO;
				GCC_NO_COMMON_BLOCKS = YES;
				GCC_OPTIMIZATION_LEVEL = 0;
				GCC_PREPROCESSOR_DEFINITIONS = (
					"DEBUG=1",
					"$(inherited)",
				);
				GCC_WARN_64_TO_32_BIT_CONVERSION = YES;
				GCC_WARN_ABOUT_RETURN_TYPE = YES_ERROR;
				GCC_WARN_UNDECLARED_SELECTOR = YES;
				GCC_WARN_UNINITIALIZED_AUTOS = YES_AGGRESSIVE;
				GCC_WARN_UNUSED_FUNCTION = YES;
				GCC_WARN_UNUSED_VARIABLE = YES;
				IPHONEOS_DEPLOYMENT_TARGET = 11.2;
				MTL_ENABLE_DEBUG_INFO = YES;
				ONLY_ACTIVE_ARCH = YES;
				SDKROOT = iphoneos;
				SWIFT_ACTIVE_COMPILATION_CONDITIONS = DEBUG;
				SWIFT_OPTIMIZATION_LEVEL = "-Onone";
			};
			name = Debug;
		};
		2000345B20517CCB00794642 /* Release */ = {
			isa = XCBuildConfiguration;
			buildSettings = {
				ALWAYS_SEARCH_USER_PATHS = NO;
				CLANG_ANALYZER_NONNULL = YES;
				CLANG_ANALYZER_NUMBER_OBJECT_CONVERSION = YES_AGGRESSIVE;
				CLANG_CXX_LANGUAGE_STANDARD = "gnu++14";
				CLANG_CXX_LIBRARY = "libc++";
				CLANG_ENABLE_MODULES = YES;
				CLANG_ENABLE_OBJC_ARC = YES;
				CLANG_WARN_BLOCK_CAPTURE_AUTORELEASING = YES;
				CLANG_WARN_BOOL_CONVERSION = YES;
				CLANG_WARN_COMMA = YES;
				CLANG_WARN_CONSTANT_CONVERSION = YES;
				CLANG_WARN_DIRECT_OBJC_ISA_USAGE = YES_ERROR;
				CLANG_WARN_DOCUMENTATION_COMMENTS = YES;
				CLANG_WARN_EMPTY_BODY = YES;
				CLANG_WARN_ENUM_CONVERSION = YES;
				CLANG_WARN_INFINITE_RECURSION = YES;
				CLANG_WARN_INT_CONVERSION = YES;
				CLANG_WARN_NON_LITERAL_NULL_CONVERSION = YES;
				CLANG_WARN_OBJC_LITERAL_CONVERSION = YES;
				CLANG_WARN_OBJC_ROOT_CLASS = YES_ERROR;
				CLANG_WARN_RANGE_LOOP_ANALYSIS = YES;
				CLANG_WARN_STRICT_PROTOTYPES = YES;
				CLANG_WARN_SUSPICIOUS_MOVE = YES;
				CLANG_WARN_UNGUARDED_AVAILABILITY = YES_AGGRESSIVE;
				CLANG_WARN_UNREACHABLE_CODE = YES;
				CLANG_WARN__DUPLICATE_METHOD_MATCH = YES;
				CODE_SIGN_IDENTITY = "iPhone Developer";
				COPY_PHASE_STRIP = NO;
				DEBUG_INFORMATION_FORMAT = "dwarf-with-dsym";
				ENABLE_NS_ASSERTIONS = NO;
				ENABLE_STRICT_OBJC_MSGSEND = YES;
				GCC_C_LANGUAGE_STANDARD = gnu11;
				GCC_NO_COMMON_BLOCKS = YES;
				GCC_WARN_64_TO_32_BIT_CONVERSION = YES;
				GCC_WARN_ABOUT_RETURN_TYPE = YES_ERROR;
				GCC_WARN_UNDECLARED_SELECTOR = YES;
				GCC_WARN_UNINITIALIZED_AUTOS = YES_AGGRESSIVE;
				GCC_WARN_UNUSED_FUNCTION = YES;
				GCC_WARN_UNUSED_VARIABLE = YES;
				IPHONEOS_DEPLOYMENT_TARGET = 11.2;
				MTL_ENABLE_DEBUG_INFO = NO;
				SDKROOT = iphoneos;
				SWIFT_OPTIMIZATION_LEVEL = "-Owholemodule";
				VALIDATE_PRODUCT = YES;
			};
			name = Release;
		};
		2000345D20517CCB00794642 /* Debug */ = {
			isa = XCBuildConfiguration;
			buildSettings = {
				ASSETCATALOG_COMPILER_APPICON_NAME = AppIcon;
				CODE_SIGN_STYLE = Automatic;
				DEVELOPMENT_TEAM = 9J7F9V9XGG;
				INFOPLIST_FILE = MobileTechinalChallenge/Info.plist;
				LD_RUNPATH_SEARCH_PATHS = "$(inherited) @executable_path/Frameworks";
				PRODUCT_BUNDLE_IDENTIFIER = test.MobileTechinalChallenge;
				PRODUCT_NAME = "$(TARGET_NAME)";
				SWIFT_VERSION = 4.0;
				TARGETED_DEVICE_FAMILY = "1,2";
			};
			name = Debug;
		};
		2000345E20517CCB00794642 /* Release */ = {
			isa = XCBuildConfiguration;
			buildSettings = {
				ASSETCATALOG_COMPILER_APPICON_NAME = AppIcon;
				CODE_SIGN_STYLE = Automatic;
				DEVELOPMENT_TEAM = 9J7F9V9XGG;
				INFOPLIST_FILE = MobileTechinalChallenge/Info.plist;
				LD_RUNPATH_SEARCH_PATHS = "$(inherited) @executable_path/Frameworks";
				PRODUCT_BUNDLE_IDENTIFIER = test.MobileTechinalChallenge;
				PRODUCT_NAME = "$(TARGET_NAME)";
				SWIFT_VERSION = 4.0;
				TARGETED_DEVICE_FAMILY = "1,2";
			};
			name = Release;
		};
/* End XCBuildConfiguration section */

/* Begin XCConfigurationList section */
		2000344520517CCB00794642 /* Build configuration list for PBXProject "MobileTechinalChallenge" */ = {
			isa = XCConfigurationList;
			buildConfigurations = (
				2000345A20517CCB00794642 /* Debug */,
				2000345B20517CCB00794642 /* Release */,
			);
			defaultConfigurationIsVisible = 0;
			defaultConfigurationName = Release;
		};
		2000345C20517CCB00794642 /* Build configuration list for PBXNativeTarget "MobileTechinalChallenge" */ = {
			isa = XCConfigurationList;
			buildConfigurations = (
				2000345D20517CCB00794642 /* Debug */,
				2000345E20517CCB00794642 /* Release */,
			);
			defaultConfigurationIsVisible = 0;
			defaultConfigurationName = Release;
		};
/* End XCConfigurationList section */

/* Begin XCVersionGroup section */
		207610682051EEE6007F84C1 /* codingChallenge.xcdatamodeld */ = {
			isa = XCVersionGroup;
			children = (
				207610692051EEE6007F84C1 /* codingChallenge2.xcdatamodel */,
			);
			currentVersion = 207610692051EEE6007F84C1 /* codingChallenge2.xcdatamodel */;
			path = codingChallenge.xcdatamodeld;
			sourceTree = "<group>";
			versionGroupType = wrapper.xcdatamodel;
		};
/* End XCVersionGroup section */
	};
	rootObject = 2000344220517CCB00794642 /* Project object */;
}
